Microsoft Visual Studio Solution File, Format Version 12.00
# Visual Studio Version 17
VisualStudioVersion = 17.5.2.0
MinimumVisualStudioVersion = 10.0.40219.1
Project("{FAE04EC0-301F-11D3-BF4B-00C04F79EFBC}") = "hs300-exporter", "hs300-exporter.csproj", "{583F8F24-38DD-3CD1-4D05-FED5561B9068}"
EndProject
Global
	GlobalSection(SolutionConfigurationPlatforms) = preSolution
		Debug|Any CPU = Debug|Any CPU
		Release|Any CPU = Release|Any CPU
	EndGlobalSection
	GlobalSection(ProjectConfigurationPlatforms) = postSolution
		{583F8F24-38DD-3CD1-4D05-FED5561B9068}.Debug|Any CPU.ActiveCfg = Debug|Any CPU
		{583F8F24-38DD-3CD1-4D05-FED5561B9068}.Debug|Any CPU.Build.0 = Debug|Any CPU
		{583F8F24-38DD-3CD1-4D05-FED5561B9068}.Release|Any CPU.ActiveCfg = Release|Any CPU
		{583F8F24-38DD-3CD1-4D05-FED5561B9068}.Release|Any CPU.Build.0 = Release|Any CPU
	EndGlobalSection
	GlobalSection(SolutionProperties) = preSolution
		HideSolutionNode = FALSE
	EndGlobalSection
	GlobalSection(ExtensibilityGlobals) = postSolution
		SolutionGuid = {697083F9-C78A-455A-89EF-E88330304612}
	EndGlobalSection
EndGlobal
